
Microsoft Visual Studio Solution File, Format Version 12.00
# Visual Studio Version 16
VisualStudioVersion = 16.0.30503.244
MinimumVisualStudioVersion = 10.0.40219.1
Project("{FAE04EC0-301F-11D3-BF4B-00C04F79EFBC}") = "DesafioLucasBackend", "DesafioLucasBackend\DesafioLucasBackend.csproj", "{C6CA05D0-0340-49E0-A3EC-BA735EFC0ABE}"
EndProject
Global
	GlobalSection(SolutionConfigurationPlatforms) = preSolution
		Debug|Any CPU = Debug|Any CPU
		Release|Any CPU = Release|Any CPU
	EndGlobalSection
	GlobalSection(ProjectConfigurationPlatforms) = postSolution
		{C6CA05D0-0340-49E0-A3EC-BA735EFC0ABE}.Debug|Any CPU.ActiveCfg = Debug|Any CPU
		{C6CA05D0-0340-49E0-A3EC-BA735EFC0ABE}.Debug|Any CPU.Build.0 = Debug|Any CPU
		{C6CA05D0-0340-49E0-A3EC-BA735EFC0ABE}.Release|Any CPU.ActiveCfg = Release|Any CPU
		{C6CA05D0-0340-49E0-A3EC-BA735EFC0ABE}.Release|Any CPU.Build.0 = Release|Any CPU
	EndGlobalSection
	GlobalSection(SolutionProperties) = preSolution
		HideSolutionNode = FALSE
	EndGlobalSection
	GlobalSection(ExtensibilityGlobals) = postSolution
		SolutionGuid = {0997F3DA-44DA-4410-A1ED-3207560D306D}
	EndGlobalSection
EndGlobal
